// !$*UTF8*$!
{
	archiveVersion = 1;
	classes = {
	};
	objectVersion = 46;
	objects = {

/* Begin PBXBuildFile section */
		E30149E41AB0128A007A3B3F /* main.m in Sources */ = {isa = PBXBuildFile; fileRef = E30149E31AB0128A007A3B3F /* main.m */; };
		E30149E71AB0128A007A3B3F /* AppDelegate.m in Sources */ = {isa = PBXBuildFile; fileRef = E30149E61AB0128A007A3B3F /* AppDelegate.m */; };
		E30149EA1AB0128A007A3B3F /* ViewController.m in Sources */ = {isa = PBXBuildFile; fileRef = E30149E91AB0128A007A3B3F /* ViewController.m */; };
		E30149ED1AB0128A007A3B3F /* Main.storyboard in Resources */ = {isa = PBXBuildFile; fileRef = E30149EB1AB0128A007A3B3F /* Main.storyboard */; };
		E30149EF1AB0128A007A3B3F /* Images.xcassets in Resources */ = {isa = PBXBuildFile; fileRef = E30149EE1AB0128A007A3B3F /* Images.xcassets */; };
		E30149F21AB0128A007A3B3F /* LaunchScreen.xib in Resources */ = {isa = PBXBuildFile; fileRef = E30149F01AB0128A007A3B3F /* LaunchScreen.xib */; };
		E30149FE1AB0128A007A3B3F /* _____Tests.m in Sources */ = {isa = PBXBuildFile; fileRef = E30149FD1AB0128A007A3B3F /* _____Tests.m */; };
		E3014A091AB02B78007A3B3F /* NoUITextField.m in Sources */ = {isa = PBXBuildFile; fileRef = E3014A081AB02B78007A3B3F /* NoUITextField.m */; };
/* End PBXBuildFile section */

/* Begin PBXContainerItemProxy section */
		E30149F81AB0128A007A3B3F /* PBXContainerItemProxy */ = {
			isa = PBXContainerItemProxy;
			containerPortal = E30149D61AB0128A007A3B3F /* Project object */;
			proxyType = 1;
			remoteGlobalIDString = E30149DD1AB0128A007A3B3F;
			remoteInfo = "禁用剪切板";
		};
/* End PBXContainerItemProxy section */

/* Begin PBXFileReference section */
		E30149DE1AB0128A007A3B3F /* 禁用剪切板.app */ = {isa = PBXFileReference; explicitFileType = wrapper.application; includeInIndex = 0; path = "禁用剪切板.app"; sourceTree = BUILT_PRODUCTS_DIR; };
		E30149E21AB0128A007A3B3F /* Info.plist */ = {isa = PBXFileReference; lastKnownFileType = text.plist.xml; path = Info.plist; sourceTree = "<group>"; };
		E30149E31AB0128A007A3B3F /* main.m */ = {isa = PBXFileReference; lastKnownFileType = sourcecode.c.objc; path = main.m; sourceTree = "<group>"; };
		E30149E51AB0128A007A3B3F /* AppDelegate.h */ = {isa = PBXFileReference; lastKnownFileType = sourcecode.c.h; path = AppDelegate.h; sourceTree = "<group>"; };
		E30149E61AB0128A007A3B3F /* AppDelegate.m */ = {isa = PBXFileReference; lastKnownFileType = sourcecode.c.objc; path = AppDelegate.m; sourceTree = "<group>"; };
		E30149E81AB0128A007A3B3F /* ViewController.h */ = {isa = PBXFileReference; lastKnownFileType = sourcecode.c.h; path = ViewController.h; sourceTree = "<group>"; };
		E30149E91AB0128A007A3B3F /* ViewController.m */ = {isa = PBXFileReference; lastKnownFileType = sourcecode.c.objc; path = ViewController.m; sourceTree = "<group>"; };
		E30149EC1AB0128A007A3B3F /* Base */ = {isa = PBXFileReference; lastKnownFileType = file.storyboard; name = Base; path = Base.lproj/Main.storyboard; sourceTree = "<group>"; };
		E30149EE1AB0128A007A3B3F /* Images.xcassets */ = {isa = PBXFileReference; lastKnownFileType = folder.assetcatalog; path = Images.xcassets; sourceTree = "<group>"; };
		E30149F11AB0128A007A3B3F /* Base */ = {isa = PBXFileReference; lastKnownFileType = file.xib; name = Base; path = Base.lproj/LaunchScreen.xib; sourceTree = "<group>"; };
		E30149F71AB0128A007A3B3F /* 禁用剪切板Tests.xctest */ = {isa = PBXFileReference; explicitFileType = wrapper.cfbundle; includeInIndex = 0; path = "禁用剪切板Tests.xctest"; sourceTree = BUILT_PRODUCTS_DIR; };
		E30149FC1AB0128A007A3B3F /* Info.plist */ = {isa = PBXFileReference; lastKnownFileType = text.plist.xml; path = Info.plist; sourceTree = "<group>"; };
		E30149FD1AB0128A007A3B3F /* _____Tests.m */ = {isa = PBXFileReference; lastKnownFileType = sourcecode.c.objc; path = "_____Tests.m"; sourceTree = "<group>"; };
		E3014A071AB02B78007A3B3F /* NoUITextField.h */ = {isa = PBXFileReference; fileEncoding = 4; lastKnownFileType = sourcecode.c.h; path = NoUITextField.h; sourceTree = "<group>"; };
		E3014A081AB02B78007A3B3F /* NoUITextField.m */ = {isa = PBXFileReference; fileEncoding = 4; lastKnownFileType = sourcecode.c.objc; path = NoUITextField.m; sourceTree = "<group>"; };
/* End PBXFileReference section */

/* Begin PBXFrameworksBuildPhase section */
		E30149DB1AB0128A007A3B3F /* Frameworks */ = {
			isa = PBXFrameworksBuildPhase;
			buildActionMask = 2147483647;
			files = (
			);
			runOnlyForDeploymentPostprocessing = 0;
		};
		E30149F41AB0128A007A3B3F /* Frameworks */ = {
			isa = PBXFrameworksBuildPhase;
			buildActionMask = 2147483647;
			files = (
			);
			runOnlyForDeploymentPostprocessing = 0;
		};
/* End PBXFrameworksBuildPhase section */

/* Begin PBXGroup section */
		E30149D51AB0128A007A3B3F = {
			isa = PBXGroup;
			children = (
				E30149E01AB0128A007A3B3F /* NoCopy */,
				E30149FA1AB0128A007A3B3F /* NoCopyTests */,
				E30149DF1AB0128A007A3B3F /* Products */,
			);
			sourceTree = "<group>";
		};
		E30149DF1AB0128A007A3B3F /* Products */ = {
			isa = PBXGroup;
			children = (
				E30149DE1AB0128A007A3B3F /* 禁用剪切板.app */,
				E30149F71AB0128A007A3B3F /* 禁用剪切板Tests.xctest */,
			);
			name = Products;
			sourceTree = "<group>";
		};
		E30149E01AB0128A007A3B3F /* NoCopy */ = {
			isa = PBXGroup;
			children = (
				E30149E51AB0128A007A3B3F /* AppDelegate.h */,
				E30149E61AB0128A007A3B3F /* AppDelegate.m */,
				E30149E81AB0128A007A3B3F /* ViewController.h */,
				E30149E91AB0128A007A3B3F /* ViewController.m */,
				E3014A071AB02B78007A3B3F /* NoUITextField.h */,
				E3014A081AB02B78007A3B3F /* NoUITextField.m */,
				E30149EB1AB0128A007A3B3F /* Main.storyboard */,
				E30149EE1AB0128A007A3B3F /* Images.xcassets */,
				E30149F01AB0128A007A3B3F /* LaunchScreen.xib */,
				E30149E11AB0128A007A3B3F /* Supporting Files */,
			);
			name = NoCopy;
			path = "禁用剪切板";
			sourceTree = "<group>";
		};
		E30149E11AB0128A007A3B3F /* Supporting Files */ = {
			isa = PBXGroup;
			children = (
				E30149E21AB0128A007A3B3F /* Info.plist */,
				E30149E31AB0128A007A3B3F /* main.m */,
			);
			name = "Supporting Files";
			sourceTree = "<group>";
		};
		E30149FA1AB0128A007A3B3F /* NoCopyTests */ = {
			isa = PBXGroup;
			children = (
				E30149FD1AB0128A007A3B3F /* _____Tests.m */,
				E30149FB1AB0128A007A3B3F /* Supporting Files */,
			);
			name = NoCopyTests;
			path = "禁用剪切板Tests";
			sourceTree = "<group>";
		};
		E30149FB1AB0128A007A3B3F /* Supporting Files */ = {
			isa = PBXGroup;
			children = (
				E30149FC1AB0128A007A3B3F /* Info.plist */,
			);
			name = "Supporting Files";
			sourceTree = "<group>";
		};
/* End PBXGroup section */

/* Begin PBXNativeTarget section */
		E30149DD1AB0128A007A3B3F /* 禁用剪切板 */ = {
			isa = PBXNativeTarget;
			buildConfigurationList = E3014A011AB0128A007A3B3F /* Build configuration list for PBXNativeTarget "禁用剪切板" */;
			buildPhases = (
				E30149DA1AB0128A007A3B3F /* Sources */,
				E30149DB1AB0128A007A3B3F /* Frameworks */,
				E30149DC1AB0128A007A3B3F /* Resources */,
			);
			buildRules = (
			);
			dependencies = (
			);
			name = "禁用剪切板";
			productName = "禁用剪切板";
			productReference = E30149DE1AB0128A007A3B3F /* 禁用剪切板.app */;
			productType = "com.apple.product-type.application";
		};
		E30149F61AB0128A007A3B3F /* 禁用剪切板Tests */ = {
			isa = PBXNativeTarget;
			buildConfigurationList = E3014A041AB0128A007A3B3F /* Build configuration list for PBXNativeTarget "禁用剪切板Tests" */;
			buildPhases = (
				E30149F31AB0128A007A3B3F /* Sources */,
				E30149F41AB0128A007A3B3F /* Frameworks */,
				E30149F51AB0128A007A3B3F /* Resources */,
			);
			buildRules = (
			);
			dependencies = (
				E30149F91AB0128A007A3B3F /* PBXTargetDependency */,
			);
			name = "禁用剪切板Tests";
			productName = "禁用剪切板Tests";
			productReference = E30149F71AB0128A007A3B3F /* 禁用剪切板Tests.xctest */;
			productType = "com.apple.product-type.bundle.unit-test";
		};
/* End PBXNativeTarget section */

/* Begin PBXProject section */
		E30149D61AB0128A007A3B3F /* Project object */ = {
			isa = PBXProject;
			attributes = {
				LastUpgradeCheck = 0610;
				ORGANIZATIONNAME = "小伍";
				TargetAttributes = {
					E30149DD1AB0128A007A3B3F = {
						CreatedOnToolsVersion = 6.1.1;
					};
					E30149F61AB0128A007A3B3F = {
						CreatedOnToolsVersion = 6.1.1;
						TestTargetID = E30149DD1AB0128A007A3B3F;
					};
				};
			};
			buildConfigurationList = E30149D91AB0128A007A3B3F /* Build configuration list for PBXProject "禁用剪切板" */;
			compatibilityVersion = "Xcode 3.2";
			developmentRegion = English;
			hasScannedForEncodings = 0;
			knownRegions = (
				en,
				Base,
			);
			mainGroup = E30149D51AB0128A007A3B3F;
			productRefGroup = E30149DF1AB0128A007A3B3F /* Products */;
			projectDirPath = "";
			projectRoot = "";
			targets = (
				E30149DD1AB0128A007A3B3F /* 禁用剪切板 */,
				E30149F61AB0128A007A3B3F /* 禁用剪切板Tests */,
			);
		};
/* End PBXProject section */

/* Begin PBXResourcesBuildPhase section */
		E30149DC1AB0128A007A3B3F /* Resources */ = {
			isa = PBXResourcesBuildPhase;
			buildActionMask = 2147483647;
			files = (
				E30149ED1AB0128A007A3B3F /* Main.storyboard in Resources */,
				E30149F21AB0128A007A3B3F /* LaunchScreen.xib in Resources */,
				E30149EF1AB0128A007A3B3F /* Images.xcassets in Resources */,
			);
			runOnlyForDeploymentPostprocessing = 0;
		};
		E30149F51AB0128A007A3B3F /* Resources */ = {
			isa = PBXResourcesBuildPhase;
			buildActionMask = 2147483647;
			files = (
			);
			runOnlyForDeploymentPostprocessing = 0;
		};
/* End PBXResourcesBuildPhase section */

/* Begin PBXSourcesBuildPhase section */
		E30149DA1AB0128A007A3B3F /* Sources */ = {
			isa = PBXSourcesBuildPhase;
			buildActionMask = 2147483647;
			files = (
				E30149EA1AB0128A007A3B3F /* ViewController.m in Sources */,
				E30149E71AB0128A007A3B3F /* AppDelegate.m in Sources */,
				E3014A091AB02B78007A3B3F /* NoUITextField.m in Sources */,
				E30149E41AB0128A007A3B3F /* main.m in Sources */,
			);
			runOnlyForDeploymentPostprocessing = 0;
		};
		E30149F31AB0128A007A3B3F /* Sources */ = {
			isa = PBXSourcesBuildPhase;
			buildActionMask = 2147483647;
			files = (
				E30149FE1AB0128A007A3B3F /* _____Tests.m in Sources */,
			);
			runOnlyForDeploymentPostprocessing = 0;
		};
/* End PBXSourcesBuildPhase section */

/* Begin PBXTargetDependency section */
		E30149F91AB0128A007A3B3F /* PBXTargetDependency */ = {
			isa = PBXTargetDependency;
			target = E30149DD1AB0128A007A3B3F /* 禁用剪切板 */;
			targetProxy = E30149F81AB0128A007A3B3F /* PBXContainerItemProxy */;
		};
/* End PBXTargetDependency section */

/* Begin PBXVariantGroup section */
		E30149EB1AB0128A007A3B3F /* Main.storyboard */ = {
			isa = PBXVariantGroup;
			children = (
				E30149EC1AB0128A007A3B3F /* Base */,
			);
			name = Main.storyboard;
			sourceTree = "<group>";
		};
		E30149F01AB0128A007A3B3F /* LaunchScreen.xib */ = {
			isa = PBXVariantGroup;
			children = (
				E30149F11AB0128A007A3B3F /* Base */,
			);
			name = LaunchScreen.xib;
			sourceTree = "<group>";
		};
/* End PBXVariantGroup section */

/* Begin XCBuildConfiguration section */
		E30149FF1AB0128A007A3B3F /* Debug */ = {
			isa = XCBuildConfiguration;
			buildSettings = {
				ALWAYS_SEARCH_USER_PATHS = NO;
				CLANG_CXX_LANGUAGE_STANDARD = "gnu++0x";
				CLANG_CXX_LIBRARY = "libc++";
				CLANG_ENABLE_MODULES = YES;
				CLANG_ENABLE_OBJC_ARC = YES;
				CLANG_WARN_BOOL_CONVERSION = YES;
				CLANG_WARN_CONSTANT_CONVERSION = YES;
				CLANG_WARN_DIRECT_OBJC_ISA_USAGE = YES_ERROR;
				CLANG_WARN_EMPTY_BODY = YES;
				CLANG_WARN_ENUM_CONVERSION = YES;
				CLANG_WARN_INT_CONVERSION = YES;
				CLANG_WARN_OBJC_ROOT_CLASS = YES_ERROR;
				CLANG_WARN_UNREACHABLE_CODE = YES;
				CLANG_WARN__DUPLICATE_METHOD_MATCH = YES;
				"CODE_SIGN_IDENTITY[sdk=iphoneos*]" = "iPhone Developer";
				COPY_PHASE_STRIP = NO;
				ENABLE_STRICT_OBJC_MSGSEND = YES;
				GCC_C_LANGUAGE_STANDARD = gnu99;
				GCC_DYNAMIC_NO_PIC = NO;
				GCC_OPTIMIZATION_LEVEL = 0;
				GCC_PREPROCESSOR_DEFINITIONS = (
					"DEBUG=1",
					"$(inherited)",
				);
				GCC_SYMBOLS_PRIVATE_EXTERN = NO;
				GCC_WARN_64_TO_32_BIT_CONVERSION = YES;
				GCC_WARN_ABOUT_RETURN_TYPE = YES_ERROR;
				GCC_WARN_UNDECLARED_SELECTOR = YES;
				GCC_WARN_UNINITIALIZED_AUTOS = YES_AGGRESSIVE;
				GCC_WARN_UNUSED_FUNCTION = YES;
				GCC_WARN_UNUSED_VARIABLE = YES;
				IPHONEOS_DEPLOYMENT_TARGET = 8.1;
				MTL_ENABLE_DEBUG_INFO = YES;
				ONLY_ACTIVE_ARCH = YES;
				SDKROOT = iphoneos;
			};
			name = Debug;
		};
		E3014A001AB0128A007A3B3F /* Release */ = {
			isa = XCBuildConfiguration;
			buildSettings = {
				ALWAYS_SEARCH_USER_PATHS = NO;
				CLANG_CXX_LANGUAGE_STANDARD = "gnu++0x";
				CLANG_CXX_LIBRARY = "libc++";
				CLANG_ENABLE_MODULES = YES;
				CLANG_ENABLE_OBJC_ARC = YES;
				CLANG_WARN_BOOL_CONVERSION = YES;
				CLANG_WARN_CONSTANT_CONVERSION = YES;
				CLANG_WARN_DIRECT_OBJC_ISA_USAGE = YES_ERROR;
				CLANG_WARN_EMPTY_BODY = YES;
				CLANG_WARN_ENUM_CONVERSION = YES;
				CLANG_WARN_INT_CONVERSION = YES;
				CLANG_WARN_OBJC_ROOT_CLASS = YES_ERROR;
				CLANG_WARN_UNREACHABLE_CODE = YES;
				CLANG_WARN__DUPLICATE_METHOD_MATCH = YES;
				"CODE_SIGN_IDENTITY[sdk=iphoneos*]" = "iPhone Developer";
				COPY_PHASE_STRIP = YES;
				ENABLE_NS_ASSERTIONS = NO;
				ENABLE_STRICT_OBJC_MSGSEND = YES;
				GCC_C_LANGUAGE_STANDARD = gnu99;
				GCC_WARN_64_TO_32_BIT_CONVERSION = YES;
				GCC_WARN_ABOUT_RETURN_TYPE = YES_ERROR;
				GCC_WARN_UNDECLARED_SELECTOR = YES;
				GCC_WARN_UNINITIALIZED_AUTOS = YES_AGGRESSIVE;
				GCC_WARN_UNUSED_FUNCTION = YES;
				GCC_WARN_UNUSED_VARIABLE = YES;
				IPHONEOS_DEPLOYMENT_TARGET = 8.1;
				MTL_ENABLE_DEBUG_INFO = NO;
				SDKROOT = iphoneos;
				VALIDATE_PRODUCT = YES;
			};
			name = Release;
		};
		E3014A021AB0128A007A3B3F /* Debug */ = {
			isa = XCBuildConfiguration;
			buildSettings = {
				ASSETCATALOG_COMPILER_APPICON_NAME = AppIcon;
				INFOPLIST_FILE = "禁用剪切板/Info.plist";
				IPHONEOS_DEPLOYMENT_TARGET = 7.0;
				LD_RUNPATH_SEARCH_PATHS = "$(inherited) @executable_path/Frameworks";
				PRODUCT_NAME = "禁用剪切板";
			};
			name = Debug;
		};
		E3014A031AB0128A007A3B3F /* Release */ = {
			isa = XCBuildConfiguration;
			buildSettings = {
				ASSETCATALOG_COMPILER_APPICON_NAME = AppIcon;
				INFOPLIST_FILE = "禁用剪切板/Info.plist";
				IPHONEOS_DEPLOYMENT_TARGET = 7.0;
				LD_RUNPATH_SEARCH_PATHS = "$(inherited) @executable_path/Frameworks";
				PRODUCT_NAME = "禁用剪切板";
			};
			name = Release;
		};
		E3014A051AB0128A007A3B3F /* Debug */ = {
			isa = XCBuildConfiguration;
			buildSettings = {
				BUNDLE_LOADER = "$(TEST_HOST)";
				FRAMEWORK_SEARCH_PATHS = (
					"$(SDKROOT)/Developer/Library/Frameworks",
					"$(inherited)",
				);
				GCC_PREPROCESSOR_DEFINITIONS = (
					"DEBUG=1",
					"$(inherited)",
				);
				INFOPLIST_FILE = "禁用剪切板Tests/Info.plist";
				LD_RUNPATH_SEARCH_PATHS = "$(inherited) @executable_path/Frameworks @loader_path/Frameworks";
				PRODUCT_NAME = "禁用剪切板Tests";
				TEST_HOST = "$(BUILT_PRODUCTS_DIR)/禁用剪切板.app/禁用剪切板";
			};
			name = Debug;
		};
		E3014A061AB0128A007A3B3F /* Release */ = {
			isa = XCBuildConfiguration;
			buildSettings = {
				BUNDLE_LOADER = "$(TEST_HOST)";
				FRAMEWORK_SEARCH_PATHS = (
					"$(SDKROOT)/Developer/Library/Frameworks",
					"$(inherited)",
				);
				INFOPLIST_FILE = "禁用剪切板Tests/Info.plist";
				LD_RUNPATH_SEARCH_PATHS = "$(inherited) @executable_path/Frameworks @loader_path/Frameworks";
				PRODUCT_NAME = "禁用剪切板Tests";
				TEST_HOST = "$(BUILT_PRODUCTS_DIR)/禁用剪切板.app/禁用剪切板";
			};
			name = Release;
		};
/* End XCBuildConfiguration section */

/* Begin XCConfigurationList section */
		E30149D91AB0128A007A3B3F /* Build configuration list for PBXProject "禁用剪切板" */ = {
			isa = XCConfigurationList;
			buildConfigurations = (
				E30149FF1AB0128A007A3B3F /* Debug */,
				E3014A001AB0128A007A3B3F /* Release */,
			);
			defaultConfigurationIsVisible = 0;
			defaultConfigurationName = Release;
		};
		E3014A011AB0128A007A3B3F /* Build configuration list for PBXNativeTarget "禁用剪切板" */ = {
			isa = XCConfigurationList;
			buildConfigurations = (
				E3014A021AB0128A007A3B3F /* Debug */,
				E3014A031AB0128A007A3B3F /* Release */,
			);
			defaultConfigurationIsVisible = 0;
		};
		E3014A041AB0128A007A3B3F /* Build configuration list for PBXNativeTarget "禁用剪切板Tests" */ = {
			isa = XCConfigurationList;
			buildConfigurations = (
				E3014A051AB0128A007A3B3F /* Debug */,
				E3014A061AB0128A007A3B3F /* Release */,
			);
			defaultConfigurationIsVisible = 0;
		};
/* End XCConfigurationList section */
	};
	rootObject = E30149D61AB0128A007A3B3F /* Project object */;
}
